
Microsoft Visual Studio Solution File, Format Version 12.00
# Visual Studio Version 17
VisualStudioVersion = 17.1.32210.238
MinimumVisualStudioVersion = 10.0.40219.1
Project("{FAE04EC0-301F-11D3-BF4B-00C04F79EFBC}") = "Lab 12", "Lab 12\Lab 12.csproj", "{054F95A2-71DC-4DBA-99AC-A44C37BE768D}"
EndProject
Global
	GlobalSection(SolutionConfigurationPlatforms) = preSolution
		Debug|Any CPU = Debug|Any CPU
		Release|Any CPU = Release|Any CPU
	EndGlobalSection
	GlobalSection(ProjectConfigurationPlatforms) = postSolution
		{054F95A2-71DC-4DBA-99AC-A44C37BE768D}.Debug|Any CPU.ActiveCfg = Debug|Any CPU
		{054F95A2-71DC-4DBA-99AC-A44C37BE768D}.Debug|Any CPU.Build.0 = Debug|Any CPU
		{054F95A2-71DC-4DBA-99AC-A44C37BE768D}.Release|Any CPU.ActiveCfg = Release|Any CPU
		{054F95A2-71DC-4DBA-99AC-A44C37BE768D}.Release|Any CPU.Build.0 = Release|Any CPU
	EndGlobalSection
	GlobalSection(SolutionProperties) = preSolution
		HideSolutionNode = FALSE
	EndGlobalSection
	GlobalSection(ExtensibilityGlobals) = postSolution
		SolutionGuid = {C27FA660-436A-4006-A59F-8AC9DE9031E0}
	EndGlobalSection
EndGlobal
